
Microsoft Visual Studio Solution File, Format Version 12.00
# Visual Studio Version 16
VisualStudioVersion = 16.0.30804.86
MinimumVisualStudioVersion = 10.0.40219.1
Project("{9A19103F-16F7-4668-BE54-9A1E7A4F7556}") = "ClassLibrary", "ClassLibrary\ClassLibrary.csproj", "{F2C0DC84-C2DB-4498-BC6F-DAE35EC001EF}"
EndProject
Project("{FAE04EC0-301F-11D3-BF4B-00C04F79EFBC}") = "UnitTestProject", "UnitTestProject\UnitTestProject.csproj", "{155D73B0-DBB9-4317-B172-439038549F17}"
EndProject
Global
	GlobalSection(SolutionConfigurationPlatforms) = preSolution
		Debug|Any CPU = Debug|Any CPU
		Release|Any CPU = Release|Any CPU
	EndGlobalSection
	GlobalSection(ProjectConfigurationPlatforms) = postSolution
		{F2C0DC84-C2DB-4498-BC6F-DAE35EC001EF}.Debug|Any CPU.ActiveCfg = Debug|Any CPU
		{F2C0DC84-C2DB-4498-BC6F-DAE35EC001EF}.Debug|Any CPU.Build.0 = Debug|Any CPU
		{F2C0DC84-C2DB-4498-BC6F-DAE35EC001EF}.Release|Any CPU.ActiveCfg = Release|Any CPU
		{F2C0DC84-C2DB-4498-BC6F-DAE35EC001EF}.Release|Any CPU.Build.0 = Release|Any CPU
		{155D73B0-DBB9-4317-B172-439038549F17}.Debug|Any CPU.ActiveCfg = Debug|Any CPU
		{155D73B0-DBB9-4317-B172-439038549F17}.Debug|Any CPU.Build.0 = Debug|Any CPU
		{155D73B0-DBB9-4317-B172-439038549F17}.Release|Any CPU.ActiveCfg = Release|Any CPU
		{155D73B0-DBB9-4317-B172-439038549F17}.Release|Any CPU.Build.0 = Release|Any CPU
	EndGlobalSection
	GlobalSection(SolutionProperties) = preSolution
		HideSolutionNode = FALSE
	EndGlobalSection
	GlobalSection(ExtensibilityGlobals) = postSolution
		SolutionGuid = {89291781-6019-41AA-81A5-7376D736F9FE}
	EndGlobalSection
EndGlobal
